# This file is generated by running "yarn install" inside your project.
# Manual changes might be lost - proceed with caution!

__metadata:
  version: 6
  cacheKey: 8

"@netanelgilad/library@workspace:.":
  version: 0.0.0-use.local
  resolution: "@netanelgilad/library@workspace:."
  dependencies:
    stacktrace-js: ^2.0.2
    typescript: ^4.9.4
    variant: ^3.0.0-dev.25
  languageName: unknown
  linkType: soft

"error-stack-parser@npm:^2.0.6":
  version: 2.1.4
  resolution: "error-stack-parser@npm:2.1.4"
  dependencies:
    stackframe: ^1.3.4
  checksum: 3b916d2d14c6682f287c8bfa28e14672f47eafe832701080e420e7cdbaebb2c50293868256a95706ac2330fe078cf5664713158b49bc30d7a5f2ac229ded0e18
  languageName: node
  linkType: hard

"source-map@npm:0.5.6":
  version: 0.5.6
  resolution: "source-map@npm:0.5.6"
  checksum: 390b3f5165c9631a74fb6fb55ba61e62a7f9b7d4026ae0e2bfc2899c241d71c1bccb8731c496dc7f7cb79a5f523406eb03d8c5bebe8448ee3fc38168e2d209c8
  languageName: node
  linkType: hard

"stack-generator@npm:^2.0.5":
  version: 2.0.10
  resolution: "stack-generator@npm:2.0.10"
  dependencies:
    stackframe: ^1.3.4
  checksum: 4fc3978a934424218a0aa9f398034e1f78153d5ff4f4ff9c62478c672debb47dd58de05b09fc3900530cbb526d72c93a6e6c9353bacc698e3b1c00ca3dda0c47
  languageName: node
  linkType: hard

"stackframe@npm:^1.3.4":
  version: 1.3.4
  resolution: "stackframe@npm:1.3.4"
  checksum: bae1596873595c4610993fa84f86a3387d67586401c1816ea048c0196800c0646c4d2da98c2ee80557fd9eff05877efe33b91ba6cd052658ed96ddc85d19067d
  languageName: node
  linkType: hard

"stacktrace-gps@npm:^3.0.4":
  version: 3.1.2
  resolution: "stacktrace-gps@npm:3.1.2"
  dependencies:
    source-map: 0.5.6
    stackframe: ^1.3.4
  checksum: 85daa232d138239b6ae0f4bcdd87d15d302a045d93625db17614030945b5314e204b5fbcf9bee5b6f4f9e6af5fca05f65c27fe910894b861ef6853b99470aa1c
  languageName: node
  linkType: hard

"stacktrace-js@npm:^2.0.2":
  version: 2.0.2
  resolution: "stacktrace-js@npm:2.0.2"
  dependencies:
    error-stack-parser: ^2.0.6
    stack-generator: ^2.0.5
    stacktrace-gps: ^3.0.4
  checksum: 081e786d56188ac04ac6604c09cd863b3ca2b4300ec061366cf68c3e4ad9edaa34fb40deea03cc23a05f442aa341e9171f47313f19bd588f9bec6c505a396286
  languageName: node
  linkType: hard

"typescript@npm:^4.9.4":
  version: 4.9.4
  resolution: "typescript@npm:4.9.4"
  bin:
    tsc: bin/tsc
    tsserver: bin/tsserver
  checksum: e782fb9e0031cb258a80000f6c13530288c6d63f1177ed43f770533fdc15740d271554cdae86701c1dd2c83b082cea808b07e97fd68b38a172a83dbf9e0d0ef9
  languageName: node
  linkType: hard

"typescript@patch:typescript@^4.9.4#~builtin<compat/typescript>":
  version: 4.9.4
  resolution: "typescript@patch:typescript@npm%3A4.9.4#~builtin<compat/typescript>::version=4.9.4&hash=ad5954"
  bin:
    tsc: bin/tsc
    tsserver: bin/tsserver
  checksum: 1caaea6cb7f813e64345190fddc4e6c924d0b698ab81189b503763c4a18f7f5501c69362979d36e19c042d89d936443e768a78b0675690b35eb663d19e0eae71
  languageName: node
  linkType: hard

"variant@npm:^3.0.0-dev.25":
  version: 3.0.0-dev.25
  resolution: "variant@npm:3.0.0-dev.25"
  checksum: c71a0078ff02b6d30c68300c8e1e2dfc396425040d1fa6f735059756a00aa63354b180f12a699c1e3ee3430024eb97367ac1f23918941e674421d03503acbdf0
  languageName: node
  linkType: hard
